{
  "name": "client",
  "lockfileVersion": 3,
  "requires": true,
  "packages": {
    "": {
      "dependencies": {
        "colyseus.js": "^0.16.22",
        "noa-engine": "^0.33.0",
        "three": "^0.182.0",
        "three-mesh-bvh": "^0.9.7"
      }
    },
    "node_modules/@babylonjs/core": {
      "version": "6.49.0",
      "resolved": "https://registry.npmjs.org/@babylonjs/core/-/core-6.49.0.tgz",
      "integrity": "sha512-jU/JyqebRqqziNwHLcBYzANrVRd9S55yNZEjejwg2p4I8NRnoBBNgf4wuUVw17UKNHc1v3KD/Vnr5C2+dIWAqQ==",
      "license": "Apache-2.0",
      "peer": true
    },
    "node_modules/@colyseus/httpie": {
      "version": "2.0.1",
      "resolved": "https://registry.npmjs.org/@colyseus/httpie/-/httpie-2.0.1.tgz",
      "integrity": "sha512-JvABMZzPLiyrUsVj3ElXGORRDTu+NKzXHWd1uV1R1SThAKMm06cVW6bOyADARD65bs8JJoHNNbUkW8KoRvRDzA==",
      "license": "MIT",
      "engines": {
        "node": ">=10"
      }
    },
    "node_modules/@colyseus/msgpackr": {
      "version": "1.11.2",
      "resolved": "https://registry.npmjs.org/@colyseus/msgpackr/-/msgpackr-1.11.2.tgz",
      "integrity": "sha512-MuwPFhizFKC3zmGfy0fpo+kcnZdNdnQHFVjw81v4WXHCelDeCX8yNRVtuEm8kGlHqq7qiASLC0pu0RPqYOhxXg==",
      "license": "MIT",
      "optionalDependencies": {
        "msgpackr-extract": "^3.0.2"
      }
    },
    "node_modules/@colyseus/schema": {
      "version": "3.0.76",
      "resolved": "https://registry.npmjs.org/@colyseus/schema/-/schema-3.0.76.tgz",
      "integrity": "sha512-i+ceBZyhB7lTn5+BoG/xxYfzW4dKKyLOywsGKVgXHe9fD905AS/Lk180jd1bICEJhebGeiRXEQ2YUPl/xwFg2g==",
      "license": "MIT",
      "bin": {
        "schema-codegen": "bin/schema-codegen",
        "schema-debug": "bin/schema-debug"
      }
    },
    "node_modules/@jpweeks/typedarray-pool": {
      "version": "2.0.0",
      "resolved": "https://registry.npmjs.org/@jpweeks/typedarray-pool/-/typedarray-pool-2.0.0.tgz",
      "integrity": "sha512-gIVyexWRE9UtiwWWr0bQuO1Odl6jZkVGVzdCVwAl4aCYllOPf+A8pz99ttYtAieXOh5OS3M50qfRYd+yDw6jEw==",
      "license": "MIT",
      "dependencies": {
        "bit-twiddle": "^1.0.0",
        "dup": "^1.0.0",
        "is-buffer": "^2.0.3"
      }
    },
    "node_modules/@msgpackr-extract/msgpackr-extract-darwin-arm64": {
      "version": "3.0.3",
      "resolved": "https://registry.npmjs.org/@msgpackr-extract/msgpackr-extract-darwin-arm64/-/msgpackr-extract-darwin-arm64-3.0.3.tgz",
      "integrity": "sha512-QZHtlVgbAdy2zAqNA9Gu1UpIuI8Xvsd1v8ic6B2pZmeFnFcMWiPLfWXh7TVw4eGEZ/C9TH281KwhVoeQUKbyjw==",
      "cpu": [
        "arm64"
      ],
      "license": "MIT",
      "optional": true,
      "os": [
        "darwin"
      ]
    },
    "node_modules/@msgpackr-extract/msgpackr-extract-darwin-x64": {
      "version": "3.0.3",
      "resolved": "https://registry.npmjs.org/@msgpackr-extract/msgpackr-extract-darwin-x64/-/msgpackr-extract-darwin-x64-3.0.3.tgz",
      "integrity": "sha512-mdzd3AVzYKuUmiWOQ8GNhl64/IoFGol569zNRdkLReh6LRLHOXxU4U8eq0JwaD8iFHdVGqSy4IjFL4reoWCDFw==",
      "cpu": [
        "x64"
      ],
      "license": "MIT",
      "optional": true,
      "os": [
        "darwin"
      ]
    },
    "node_modules/@msgpackr-extract/msgpackr-extract-linux-arm": {
      "version": "3.0.3",
      "resolved": "https://registry.npmjs.org/@msgpackr-extract/msgpackr-extract-linux-arm/-/msgpackr-extract-linux-arm-3.0.3.tgz",
      "integrity": "sha512-fg0uy/dG/nZEXfYilKoRe7yALaNmHoYeIoJuJ7KJ+YyU2bvY8vPv27f7UKhGRpY6euFYqEVhxCFZgAUNQBM3nw==",
      "cpu": [
        "arm"
      ],
      "license": "MIT",
      "optional": true,
      "os": [
        "linux"
      ]
    },
    "node_modules/@msgpackr-extract/msgpackr-extract-linux-arm64": {
      "version": "3.0.3",
      "resolved": "https://registry.npmjs.org/@msgpackr-extract/msgpackr-extract-linux-arm64/-/msgpackr-extract-linux-arm64-3.0.3.tgz",
      "integrity": "sha512-YxQL+ax0XqBJDZiKimS2XQaf+2wDGVa1enVRGzEvLLVFeqa5kx2bWbtcSXgsxjQB7nRqqIGFIcLteF/sHeVtQg==",
      "cpu": [
        "arm64"
      ],
      "license": "MIT",
      "optional": true,
      "os": [
        "linux"
      ]
    },
    "node_modules/@msgpackr-extract/msgpackr-extract-linux-x64": {
      "version": "3.0.3",
      "resolved": "https://registry.npmjs.org/@msgpackr-extract/msgpackr-extract-linux-x64/-/msgpackr-extract-linux-x64-3.0.3.tgz",
      "integrity": "sha512-cvwNfbP07pKUfq1uH+S6KJ7dT9K8WOE4ZiAcsrSes+UY55E/0jLYc+vq+DO7jlmqRb5zAggExKm0H7O/CBaesg==",
      "cpu": [
        "x64"
      ],
      "license": "MIT",
      "optional": true,
      "os": [
        "linux"
      ]
    },
    "node_modules/@msgpackr-extract/msgpackr-extract-win32-x64": {
      "version": "3.0.3",
      "resolved": "https://registry.npmjs.org/@msgpackr-extract/msgpackr-extract-win32-x64/-/msgpackr-extract-win32-x64-3.0.3.tgz",
      "integrity": "sha512-x0fWaQtYp4E6sktbsdAqnehxDgEc/VwM7uLsRCYWaiGu0ykYdZPiS8zCWdnjHwyiumousxfBm4SO31eXqwEZhQ==",
      "cpu": [
        "x64"
      ],
      "license": "MIT",
      "optional": true,
      "os": [
        "win32"
      ]
    },
    "node_modules/aabb-3d": {
      "version": "0.3.0",
      "resolved": "git+ssh://git@github.com/fenomas/aabb-3d.git#b928d0a65f64d0014e36231f94f401967a3b49ef",
      "license": "MIT",
      "dependencies": {
        "gl-matrix": "^3.4.3"
      }
    },
    "node_modules/bit-twiddle": {
      "version": "1.0.2",
      "resolved": "https://registry.npmjs.org/bit-twiddle/-/bit-twiddle-1.0.2.tgz",
      "integrity": "sha512-B9UhK0DKFZhoTFcfvAzhqsjStvGJp9vYWf3+6SNTtdSQnvIgfkHbgHrg/e4+TH71N2GDu8tpmCVoyfrL1d7ntA==",
      "license": "MIT"
    },
    "node_modules/box-intersect": {
      "version": "1.0.3",
      "resolved": "git+ssh://git@github.com/fenomas/box-intersect.git#383cb9bef2cf7140ca6ca9b705669fb108d1357f",
      "license": "MIT",
      "dependencies": {
        "@jpweeks/typedarray-pool": "^2.0.0",
        "bit-twiddle": "^1.0.2"
      }
    },
    "node_modules/colyseus.js": {
      "version": "0.16.22",
      "resolved": "https://registry.npmjs.org/colyseus.js/-/colyseus.js-0.16.22.tgz",
      "integrity": "sha512-xyiajukHvlwOtcziVbXZWmz7yBH3EImovYrGPAe2kVkdubLVYmOjskJuXh2VLlO8XGjyhmNwig9ELz18sTUo9g==",
      "license": "MIT",
      "dependencies": {
        "@colyseus/httpie": "^2.0.0",
        "@colyseus/msgpackr": "^1.11.2",
        "@colyseus/schema": "^3.0.0",
        "tslib": "^2.1.0",
        "ws": "^8.13.0"
      },
      "engines": {
        "node": ">= 12.x"
      },
      "funding": {
        "url": "https://github.com/sponsors/endel"
      }
    },
    "node_modules/detect-libc": {
      "version": "2.1.2",
      "resolved": "https://registry.npmjs.org/detect-libc/-/detect-libc-2.1.2.tgz",
      "integrity": "sha512-Btj2BOOO83o3WyH59e8MgXsxEQVcarkUOpEYrubB0urwnN10yQ364rsiByU11nZlqWYZm05i/of7io4mzihBtQ==",
      "license": "Apache-2.0",
      "optional": true,
      "engines": {
        "node": ">=8"
      }
    },
    "node_modules/dup": {
      "version": "1.0.0",
      "resolved": "https://registry.npmjs.org/dup/-/dup-1.0.0.tgz",
      "integrity": "sha512-Bz5jxMMC0wgp23Zm15ip1x8IhYRqJvF3nFC0UInJUDkN1z4uNPk9jTnfCUJXbOGiQ1JbXLQsiV41Fb+HXcj5BA==",
      "license": "MIT"
    },
    "node_modules/ent-comp": {
      "version": "0.11.0",
      "resolved": "https://registry.npmjs.org/ent-comp/-/ent-comp-0.11.0.tgz",
      "integrity": "sha512-CgFnraUeegcPQTEwhaqqlZwdwEEfTToxvqA+m9WizNP3I7ZECphv8odpQevinkTl5B4Zdv4vcWk0GcvBH3/Wxw==",
      "license": "MIT"
    },
    "node_modules/events": {
      "version": "3.3.0",
      "resolved": "https://registry.npmjs.org/events/-/events-3.3.0.tgz",
      "integrity": "sha512-mQw+2fkQbALzQ7V0MY0IqdnXNOeTtP4r0lN9z7AAawCXgqea7bDii20AYrIBrFd/Hx0M2Ocz6S111CaFkUcb0Q==",
      "license": "MIT",
      "engines": {
        "node": ">=0.8.x"
      }
    },
    "node_modules/fast-voxel-raycast": {
      "version": "0.1.1",
      "resolved": "https://registry.npmjs.org/fast-voxel-raycast/-/fast-voxel-raycast-0.1.1.tgz",
      "integrity": "sha512-0xL13ln+mxB4NCed3sfmBRhywy/vWYxbimKYvqdy/lV+/3/VPAS6/6kiNT2peFnpgeTGWGMZs05sTkvVktPAUA==",
      "license": "MIT"
    },
    "node_modules/game-inputs": {
      "version": "0.8.0",
      "resolved": "https://registry.npmjs.org/game-inputs/-/game-inputs-0.8.0.tgz",
      "integrity": "sha512-YCpIS7tUenag2zZoBAk4lWWIJyWOrT+fvGMe9h0hF75riIvUe/7xXmqZ1BANu/gydvGaxlBHuVNNcytNM3NxbA==",
      "license": "ISC",
      "dependencies": {
        "events": "^3.3.0"
      }
    },
    "node_modules/gl-matrix": {
      "version": "3.4.4",
      "resolved": "https://registry.npmjs.org/gl-matrix/-/gl-matrix-3.4.4.tgz",
      "integrity": "sha512-latSnyDNt/8zYUB6VIJ6PCh2jBjJX6gnDsoCZ7LyW7GkqrD51EWwa9qCoGixj8YqBtETQK/xY7OmpTF8xz1DdQ==",
      "license": "MIT"
    },
    "node_modules/gl-vec3": {
      "version": "1.2.0",
      "resolved": "https://registry.npmjs.org/gl-vec3/-/gl-vec3-1.2.0.tgz",
      "integrity": "sha512-ynW7j5ZshRTHXG5UPC5u6G52cBCNx53LbNlq2HQ1bAosZbO4wOCEBufXS7KGiKL1slMgy4j/77Ikt+vMznouLg==",
      "license": "zlib"
    },
    "node_modules/iota-array": {
      "version": "1.0.0",
      "resolved": "https://registry.npmjs.org/iota-array/-/iota-array-1.0.0.tgz",
      "integrity": "sha512-pZ2xT+LOHckCatGQ3DcG/a+QuEqvoxqkiL7tvE8nn3uuu+f6i1TtpB5/FtWFbxUuVr5PZCx8KskuGatbJDXOWA==",
      "license": "MIT"
    },
    "node_modules/is-buffer": {
      "version": "2.0.5",
      "resolved": "https://registry.npmjs.org/is-buffer/-/is-buffer-2.0.5.tgz",
      "integrity": "sha512-i2R6zNFDwgEHJyQUtJEk0XFi1i0dPFn/oqjK3/vPCcDeJvW5NQ83V8QbicfF1SupOaB0h8ntgBC2YiE7dfyctQ==",
      "funding": [
        {
          "type": "github",
          "url": "https://github.com/sponsors/feross"
        },
        {
          "type": "patreon",
          "url": "https://www.patreon.com/feross"
        },
        {
          "type": "consulting",
          "url": "https://feross.org/support"
        }
      ],
      "license": "MIT",
      "engines": {
        "node": ">=4"
      }
    },
    "node_modules/micro-game-shell": {
      "version": "0.9.0",
      "resolved": "https://registry.npmjs.org/micro-game-shell/-/micro-game-shell-0.9.0.tgz",
      "integrity": "sha512-7MxyiUX54OLRK75GV7tQEIJhtRd8mrYDdK2AZYU2VqiYXohCcCwQfm1fAYqmyeRDt1FZaA022fbj1eAImL59Dg==",
      "license": "ISC"
    },
    "node_modules/msgpackr-extract": {
      "version": "3.0.3",
      "resolved": "https://registry.npmjs.org/msgpackr-extract/-/msgpackr-extract-3.0.3.tgz",
      "integrity": "sha512-P0efT1C9jIdVRefqjzOQ9Xml57zpOXnIuS+csaB4MdZbTdmGDLo8XhzBG1N7aO11gKDDkJvBLULeFTo46wwreA==",
      "hasInstallScript": true,
      "license": "MIT",
      "optional": true,
      "dependencies": {
        "node-gyp-build-optional-packages": "5.2.2"
      },
      "bin": {
        "download-msgpackr-prebuilds": "bin/download-prebuilds.js"
      },
      "optionalDependencies": {
        "@msgpackr-extract/msgpackr-extract-darwin-arm64": "3.0.3",
        "@msgpackr-extract/msgpackr-extract-darwin-x64": "3.0.3",
        "@msgpackr-extract/msgpackr-extract-linux-arm": "3.0.3",
        "@msgpackr-extract/msgpackr-extract-linux-arm64": "3.0.3",
        "@msgpackr-extract/msgpackr-extract-linux-x64": "3.0.3",
        "@msgpackr-extract/msgpackr-extract-win32-x64": "3.0.3"
      }
    },
    "node_modules/ndarray": {
      "version": "1.0.19",
      "resolved": "https://registry.npmjs.org/ndarray/-/ndarray-1.0.19.tgz",
      "integrity": "sha512-B4JHA4vdyZU30ELBw3g7/p9bZupyew5a7tX1Y/gGeF2hafrPaQZhgrGQfsvgfYbgdFZjYwuEcnaobeM/WMW+HQ==",
      "license": "MIT",
      "dependencies": {
        "iota-array": "^1.0.0",
        "is-buffer": "^1.0.2"
      }
    },
    "node_modules/ndarray/node_modules/is-buffer": {
      "version": "1.1.6",
      "resolved": "https://registry.npmjs.org/is-buffer/-/is-buffer-1.1.6.tgz",
      "integrity": "sha512-NcdALwpXkTm5Zvvbk7owOUSvVvBKDgKP5/ewfXEznmQFfs4ZRmanOeKBTjRVjka3QFoN6XJ+9F3USqfHqTaU5w==",
      "license": "MIT"
    },
    "node_modules/noa-engine": {
      "version": "0.33.0",
      "resolved": "https://registry.npmjs.org/noa-engine/-/noa-engine-0.33.0.tgz",
      "integrity": "sha512-JpFUZ3rKfG+UA18/jnyccXqoeJ9PIVtOnLf1RA48WMMmq+z535m2vVD9zgXDdRdimTFwetbRY3MjMwLlyK+eLA==",
      "license": "MIT",
      "dependencies": {
        "aabb-3d": "github:fenomas/aabb-3d",
        "box-intersect": "github:fenomas/box-intersect",
        "ent-comp": "^0.11.0",
        "events": "^3.3.0",
        "fast-voxel-raycast": "^0.1.1",
        "game-inputs": "^0.8.0",
        "gl-vec3": "^1.1.3",
        "micro-game-shell": "^0.9.0",
        "ndarray": "^1.0.19",
        "voxel-aabb-sweep": "^0.5.0",
        "voxel-physics-engine": "^0.13.0"
      },
      "peerDependencies": {
        "@babylonjs/core": "^6.1.0"
      }
    },
    "node_modules/node-gyp-build-optional-packages": {
      "version": "5.2.2",
      "resolved": "https://registry.npmjs.org/node-gyp-build-optional-packages/-/node-gyp-build-optional-packages-5.2.2.tgz",
      "integrity": "sha512-s+w+rBWnpTMwSFbaE0UXsRlg7hU4FjekKU4eyAih5T8nJuNZT1nNsskXpxmeqSK9UzkBl6UgRlnKc8hz8IEqOw==",
      "license": "MIT",
      "optional": true,
      "dependencies": {
        "detect-libc": "^2.0.1"
      },
      "bin": {
        "node-gyp-build-optional-packages": "bin.js",
        "node-gyp-build-optional-packages-optional": "optional.js",
        "node-gyp-build-optional-packages-test": "build-test.js"
      }
    },
    "node_modules/three": {
      "version": "0.182.0",
      "resolved": "https://registry.npmjs.org/three/-/three-0.182.0.tgz",
      "integrity": "sha512-GbHabT+Irv+ihI1/f5kIIsZ+Ef9Sl5A1Y7imvS5RQjWgtTPfPnZ43JmlYI7NtCRDK9zir20lQpfg8/9Yd02OvQ==",
      "license": "MIT"
    },
    "node_modules/three-mesh-bvh": {
      "version": "0.9.7",
      "resolved": "https://registry.npmjs.org/three-mesh-bvh/-/three-mesh-bvh-0.9.7.tgz",
      "integrity": "sha512-EYSJbykeAjhVxwZjuUYq/kelIbqBoV9sbAgvZ+j1xCgZyNYSkr51WDJWS4WIfK2OX6YcjBGoTicX4RoOVQzx0g==",
      "license": "MIT",
      "peerDependencies": {
        "three": ">= 0.159.0"
      }
    },
    "node_modules/tslib": {
      "version": "2.8.1",
      "resolved": "https://registry.npmjs.org/tslib/-/tslib-2.8.1.tgz",
      "integrity": "sha512-oJFu94HQb+KVduSUQL7wnpmqnfmLsOA/nAh6b6EH0wCEoK0/mPeXU6c3wKDV83MkOuHPRHtSXKKU99IBazS/2w==",
      "license": "0BSD"
    },
    "node_modules/voxel-aabb-sweep": {
      "version": "0.5.0",
      "resolved": "https://registry.npmjs.org/voxel-aabb-sweep/-/voxel-aabb-sweep-0.5.0.tgz",
      "integrity": "sha512-cnjWJ8Xx03fzke8AqKCqKdDk+QsvGVOp2oAT1e6hcCFyDHAyCWM4o13G9xBofzHvXYAinz2hA8JuHK/G8+QD2w==",
      "license": "MIT"
    },
    "node_modules/voxel-physics-engine": {
      "version": "0.13.0",
      "resolved": "https://registry.npmjs.org/voxel-physics-engine/-/voxel-physics-engine-0.13.0.tgz",
      "integrity": "sha512-5/R4VLTBmzJGsyNUNX7MNJsxBWqwmmEABTwa2mv0+Z6TLCwSEDufU5LGpP8D/50HM6eVCYR3WTpoG7JH1th/jw==",
      "license": "MIT",
      "dependencies": {
        "aabb-3d": "github:fenomas/aabb-3d",
        "gl-vec3": "^1.1.3",
        "voxel-aabb-sweep": "^0.5.0"
      }
    },
    "node_modules/ws": {
      "version": "8.19.0",
      "resolved": "https://registry.npmjs.org/ws/-/ws-8.19.0.tgz",
      "integrity": "sha512-blAT2mjOEIi0ZzruJfIhb3nps74PRWTCz1IjglWEEpQl5XS/UNama6u2/rjFkDDouqr4L67ry+1aGIALViWjDg==",
      "license": "MIT",
      "engines": {
        "node": ">=10.0.0"
      },
      "peerDependencies": {
        "bufferutil": "^4.0.1",
        "utf-8-validate": ">=5.0.2"
      },
      "peerDependenciesMeta": {
        "bufferutil": {
          "optional": true
        },
        "utf-8-validate": {
          "optional": true
        }
      }
    }
  }
}
