{
  "name": "FantasyLearning",
  "lockfileVersion": 3,
  "requires": true,
  "packages": {
    "": {
      "dependencies": {
        "@colyseus/schema": "^4.0.7"
      }
    },
    "node_modules/@colyseus/schema": {
      "version": "4.0.7",
      "resolved": "https://registry.npmjs.org/@colyseus/schema/-/schema-4.0.7.tgz",
      "integrity": "sha512-9smn9esKtE5qTotqQFck/aeVYBfk8rm4qhs16PoxORjjLG8J6xgbjvk4NA65dIwYA2NRgQd5TXbDrazWODBWfA==",
      "license": "MIT",
      "bin": {
        "schema-codegen": "bin/schema-codegen",
        "schema-debug": "bin/schema-debug"
      },
      "peerDependencies": {
        "typescript": "^5.9.3"
      }
    },
    "node_modules/typescript": {
      "version": "5.9.3",
      "resolved": "https://registry.npmjs.org/typescript/-/typescript-5.9.3.tgz",
      "integrity": "sha512-jl1vZzPDinLr9eUt3J/t7V6FgNEw9QjvBPdysz9KfQDD41fQrC2Y4vKQdiaUpFT4bXlb1RHhLpp8wtm6M5TgSw==",
      "license": "Apache-2.0",
      "peer": true,
      "bin": {
        "tsc": "bin/tsc",
        "tsserver": "bin/tsserver"
      },
      "engines": {
        "node": ">=14.17"
      }
    }
  }
}
